
Microsoft Visual Studio Solution File, Format Version 12.00
# Visual Studio Version 17
VisualStudioVersion = 17.2.32616.157
MinimumVisualStudioVersion = 10.0.40219.1
Project("{9A19103F-16F7-4668-BE54-9A1E7A4F7556}") = "Boards.Front.API", "Boards.Front.API\Boards.Front.API.csproj", "{146E51DA-5DED-40AE-94A2-A467079848DC}"
EndProject
Project("{E53339B2-1760-4266-BCC7-CA923CBCF16C}") = "docker-compose", "docker-compose.dcproj", "{779E1EC4-662F-4359-8782-D2303C57C16D}"
EndProject
Project("{9A19103F-16F7-4668-BE54-9A1E7A4F7556}") = "Boards.Posts.API", "Boards.Posts.API\Boards.Posts.API.csproj", "{8367E036-FD03-4C56-AC10-8BF5D5355A9B}"
EndProject
Project("{9A19103F-16F7-4668-BE54-9A1E7A4F7556}") = "Boards.Posts.Application", "Boards.Posts.Application\Boards.Posts.Application.csproj", "{59748B95-C25A-4383-AA47-0256CE98CEC6}"
EndProject
Project("{2150E333-8FDC-42A3-9474-1A3956D46DE8}") = "Front", "Front", "{87BBA330-5A04-4FE3-9FB5-8F5444DA9EA0}"
EndProject
Project("{2150E333-8FDC-42A3-9474-1A3956D46DE8}") = "Posts", "Posts", "{D67F44A5-42BA-4B2F-A8E2-577DABC8268D}"
EndProject
Project("{2150E333-8FDC-42A3-9474-1A3956D46DE8}") = "Files", "Files", "{0A43355C-1B42-4F25-B056-013A4FEC6300}"
EndProject
Project("{9A19103F-16F7-4668-BE54-9A1E7A4F7556}") = "Boards.Files.API", "Boards.Files.API\Boards.Files.API.csproj", "{DA19E407-781B-41DE-A1A6-6269479972B9}"
EndProject
Project("{9A19103F-16F7-4668-BE54-9A1E7A4F7556}") = "Boards.Files.Infrastructure", "Boards.Files.Infrastructure\Boards.Files.Infrastructure.csproj", "{E9609B65-47D6-4001-B813-575F1D349406}"
EndProject
Project("{9A19103F-16F7-4668-BE54-9A1E7A4F7556}") = "Boards.Files.Application", "Boards.Files.Application\Boards.Files.Application.csproj", "{401F234B-929A-41AB-BA4E-3D1DE65EACC5}"
EndProject
Project("{2150E333-8FDC-42A3-9474-1A3956D46DE8}") = "Commons", "Commons", "{9E43EFBC-7289-447C-BBB6-C84BEAF12FA2}"
EndProject
Project("{9A19103F-16F7-4668-BE54-9A1E7A4F7556}") = "Boards.Commons.Application", "Boards.Commons.Application\Boards.Commons.Application.csproj", "{30EFEF4E-2C9D-45B0-9E00-5DA9D7322BC9}"
EndProject
Project("{9A19103F-16F7-4668-BE54-9A1E7A4F7556}") = "Boards.Posts.Domain", "Boards.Posts.Domain\Boards.Posts.Domain.csproj", "{C5585D40-5665-481D-8CA3-F6DC74CA6BF3}"
EndProject
Project("{9A19103F-16F7-4668-BE54-9A1E7A4F7556}") = "Boards.Posts.Infrastructure", "Boards.Posts.Infrastructure\Boards.Posts.Infrastructure.csproj", "{C409F21C-32CF-4819-9357-FDF602E72F58}"
EndProject
Project("{2150E333-8FDC-42A3-9474-1A3956D46DE8}") = "Boards", "Boards", "{1A001444-EBD4-4EB1-AC9E-F5D6B347F46E}"
EndProject
Project("{9A19103F-16F7-4668-BE54-9A1E7A4F7556}") = "Boards.Boards.API", "Boards.Boards.API\Boards.Boards.API.csproj", "{9B393AF9-4710-4466-8A07-A60ED2E14628}"
EndProject
Project("{9A19103F-16F7-4668-BE54-9A1E7A4F7556}") = "Boards.Boards.Application", "Boards.Boards.Application\Boards.Boards.Application.csproj", "{6C4A7EF1-C412-491D-BA32-5F1EEE411D8D}"
EndProject
Project("{9A19103F-16F7-4668-BE54-9A1E7A4F7556}") = "Boards.Boards.Domain", "Boards.Boards.Domain\Boards.Boards.Domain.csproj", "{FC097B03-86E6-459D-9B4B-53BFA0F55E58}"
EndProject
Project("{9A19103F-16F7-4668-BE54-9A1E7A4F7556}") = "Boards.Boards.Infrastructure", "Boards.Boards.Infrastructure\Boards.Boards.Infrastructure.csproj", "{93E03405-9B00-40FF-BED5-509CD598134D}"
EndProject
Project("{2150E333-8FDC-42A3-9474-1A3956D46DE8}") = "Users", "Users", "{452D5803-AA3F-4B35-80D5-F3FA3E60B5FA}"
EndProject
Project("{9A19103F-16F7-4668-BE54-9A1E7A4F7556}") = "Boards.Users.API", "Boards.Users.API\Boards.Users.API.csproj", "{C72E9357-B4D8-41D9-883E-99ECDEB252F6}"
EndProject
Project("{9A19103F-16F7-4668-BE54-9A1E7A4F7556}") = "Boards.Users.Infrastructure", "Boards.Users.Infrastructure\Boards.Users.Infrastructure.csproj", "{681F6D50-6F8C-40AF-ABCD-EBC704DB4D10}"
EndProject
Project("{9A19103F-16F7-4668-BE54-9A1E7A4F7556}") = "Boards.Users.Domain", "Boards.Users.Domain\Boards.Users.Domain.csproj", "{D30E5CCE-6C4E-4129-B99E-5C48CC8AE398}"
EndProject
Project("{9A19103F-16F7-4668-BE54-9A1E7A4F7556}") = "Boards.Users.Application", "Boards.Users.Application\Boards.Users.Application.csproj", "{D01D1E20-7886-4B78-988E-E6B9CFF50141}"
EndProject
Project("{9A19103F-16F7-4668-BE54-9A1E7A4F7556}") = "Boards.Front.Infrastructure.Jwt", "Boards.Front.Infrastructure.Jwt\Boards.Front.Infrastructure.Jwt.csproj", "{0D8AC355-73C6-42C3-B16F-8820C74061A3}"
EndProject
Project("{9A19103F-16F7-4668-BE54-9A1E7A4F7556}") = "Boards.Front.Application.Queries", "Boards.Front.Application.Queries\Boards.Front.Application.Queries.csproj", "{E627CAF6-B209-47EE-ACAB-2591C9779477}"
EndProject
Project("{9A19103F-16F7-4668-BE54-9A1E7A4F7556}") = "Boards.Front.Application.Commands", "Boards.Front.Application.Commands\Boards.Front.Application.Commands.csproj", "{C6BE34C0-710A-4F4E-B83F-1BC299F3FD86}"
EndProject
Project("{9A19103F-16F7-4668-BE54-9A1E7A4F7556}") = "Boards.Commons.Infrastructure.Repos", "Boards.Commons.Infrastructure.Repos\Boards.Commons.Infrastructure.Repos.csproj", "{84F46E8E-C98A-4579-A041-624FF74CC5D3}"
EndProject
Project("{9A19103F-16F7-4668-BE54-9A1E7A4F7556}") = "Boards.Commons.Infrastructure.Web", "Boards.Commons.Infrastructure.Web\Boards.Commons.Infrastructure.Web.csproj", "{B5451C4A-CC79-4A71-99F4-8B0C120E2D39}"
EndProject
Project("{9A19103F-16F7-4668-BE54-9A1E7A4F7556}") = "Boards.Commons.Domain.Contracts", "Boards.Commons.Domain.Contracts\Boards.Commons.Domain.Contracts.csproj", "{E838C2E4-61AF-4489-9ACE-C7A5D8786A9E}"
EndProject
Project("{9A19103F-16F7-4668-BE54-9A1E7A4F7556}") = "Boards.Commons.Domain.DTOs", "Boards.Commons.Domain.DTOs\Boards.Commons.Domain.DTOs.csproj", "{9F6F99FE-3FCA-4BD2-BB70-DF78BEF67ED6}"
EndProject
Project("{9A19103F-16F7-4668-BE54-9A1E7A4F7556}") = "Boards.Commons.Domain", "Boards.Commons.Domain\Boards.Commons.Domain.csproj", "{16A1F813-2934-4FCF-A9A9-931B5573514B}"
EndProject
Project("{2150E333-8FDC-42A3-9474-1A3956D46DE8}") = "Solution Items", "Solution Items", "{E3D19251-4AAE-44C6-A1F4-C5E15C9B9142}"
	ProjectSection(SolutionItems) = preProject
		logstash\logstash.conf = logstash\logstash.conf
	EndProjectSection
EndProject
Project("{FAE04EC0-301F-11D3-BF4B-00C04F79EFBC}") = "Boards.Users.Domain.Tests", "Boards.Users.Domain.Tests\Boards.Users.Domain.Tests.csproj", "{9764C7EC-81C2-4EB3-902E-317B620CECCD}"
EndProject
Project("{2150E333-8FDC-42A3-9474-1A3956D46DE8}") = "Tests", "Tests", "{4023C580-4B7C-4F2F-91FC-95CCAD157C8A}"
EndProject
Project("{FAE04EC0-301F-11D3-BF4B-00C04F79EFBC}") = "Boards.Users.Application.Tests", "Boards.Users.Application.Tests\Boards.Users.Application.Tests.csproj", "{B6B285D2-0931-45AB-B1E2-0EE69A603901}"
EndProject
Global
	GlobalSection(SolutionConfigurationPlatforms) = preSolution
		Debug|Any CPU = Debug|Any CPU
		Release|Any CPU = Release|Any CPU
	EndGlobalSection
	GlobalSection(ProjectConfigurationPlatforms) = postSolution
		{146E51DA-5DED-40AE-94A2-A467079848DC}.Debug|Any CPU.ActiveCfg = Debug|Any CPU
		{146E51DA-5DED-40AE-94A2-A467079848DC}.Debug|Any CPU.Build.0 = Debug|Any CPU
		{146E51DA-5DED-40AE-94A2-A467079848DC}.Release|Any CPU.ActiveCfg = Release|Any CPU
		{146E51DA-5DED-40AE-94A2-A467079848DC}.Release|Any CPU.Build.0 = Release|Any CPU
		{779E1EC4-662F-4359-8782-D2303C57C16D}.Debug|Any CPU.ActiveCfg = Debug|Any CPU
		{779E1EC4-662F-4359-8782-D2303C57C16D}.Debug|Any CPU.Build.0 = Debug|Any CPU
		{779E1EC4-662F-4359-8782-D2303C57C16D}.Release|Any CPU.ActiveCfg = Release|Any CPU
		{779E1EC4-662F-4359-8782-D2303C57C16D}.Release|Any CPU.Build.0 = Release|Any CPU
		{8367E036-FD03-4C56-AC10-8BF5D5355A9B}.Debug|Any CPU.ActiveCfg = Debug|Any CPU
		{8367E036-FD03-4C56-AC10-8BF5D5355A9B}.Debug|Any CPU.Build.0 = Debug|Any CPU
		{8367E036-FD03-4C56-AC10-8BF5D5355A9B}.Release|Any CPU.ActiveCfg = Release|Any CPU
		{8367E036-FD03-4C56-AC10-8BF5D5355A9B}.Release|Any CPU.Build.0 = Release|Any CPU
		{59748B95-C25A-4383-AA47-0256CE98CEC6}.Debug|Any CPU.ActiveCfg = Debug|Any CPU
		{59748B95-C25A-4383-AA47-0256CE98CEC6}.Debug|Any CPU.Build.0 = Debug|Any CPU
		{59748B95-C25A-4383-AA47-0256CE98CEC6}.Release|Any CPU.ActiveCfg = Release|Any CPU
		{59748B95-C25A-4383-AA47-0256CE98CEC6}.Release|Any CPU.Build.0 = Release|Any CPU
		{DA19E407-781B-41DE-A1A6-6269479972B9}.Debug|Any CPU.ActiveCfg = Debug|Any CPU
		{DA19E407-781B-41DE-A1A6-6269479972B9}.Debug|Any CPU.Build.0 = Debug|Any CPU
		{DA19E407-781B-41DE-A1A6-6269479972B9}.Release|Any CPU.ActiveCfg = Release|Any CPU
		{DA19E407-781B-41DE-A1A6-6269479972B9}.Release|Any CPU.Build.0 = Release|Any CPU
		{E9609B65-47D6-4001-B813-575F1D349406}.Debug|Any CPU.ActiveCfg = Debug|Any CPU
		{E9609B65-47D6-4001-B813-575F1D349406}.Debug|Any CPU.Build.0 = Debug|Any CPU
		{E9609B65-47D6-4001-B813-575F1D349406}.Release|Any CPU.ActiveCfg = Release|Any CPU
		{E9609B65-47D6-4001-B813-575F1D349406}.Release|Any CPU.Build.0 = Release|Any CPU
		{401F234B-929A-41AB-BA4E-3D1DE65EACC5}.Debug|Any CPU.ActiveCfg = Debug|Any CPU
		{401F234B-929A-41AB-BA4E-3D1DE65EACC5}.Debug|Any CPU.Build.0 = Debug|Any CPU
		{401F234B-929A-41AB-BA4E-3D1DE65EACC5}.Release|Any CPU.ActiveCfg = Release|Any CPU
		{401F234B-929A-41AB-BA4E-3D1DE65EACC5}.Release|Any CPU.Build.0 = Release|Any CPU
		{30EFEF4E-2C9D-45B0-9E00-5DA9D7322BC9}.Debug|Any CPU.ActiveCfg = Debug|Any CPU
		{30EFEF4E-2C9D-45B0-9E00-5DA9D7322BC9}.Debug|Any CPU.Build.0 = Debug|Any CPU
		{30EFEF4E-2C9D-45B0-9E00-5DA9D7322BC9}.Release|Any CPU.ActiveCfg = Release|Any CPU
		{30EFEF4E-2C9D-45B0-9E00-5DA9D7322BC9}.Release|Any CPU.Build.0 = Release|Any CPU
		{C5585D40-5665-481D-8CA3-F6DC74CA6BF3}.Debug|Any CPU.ActiveCfg = Debug|Any CPU
		{C5585D40-5665-481D-8CA3-F6DC74CA6BF3}.Debug|Any CPU.Build.0 = Debug|Any CPU
		{C5585D40-5665-481D-8CA3-F6DC74CA6BF3}.Release|Any CPU.ActiveCfg = Release|Any CPU
		{C5585D40-5665-481D-8CA3-F6DC74CA6BF3}.Release|Any CPU.Build.0 = Release|Any CPU
		{C409F21C-32CF-4819-9357-FDF602E72F58}.Debug|Any CPU.ActiveCfg = Debug|Any CPU
		{C409F21C-32CF-4819-9357-FDF602E72F58}.Debug|Any CPU.Build.0 = Debug|Any CPU
		{C409F21C-32CF-4819-9357-FDF602E72F58}.Release|Any CPU.ActiveCfg = Release|Any CPU
		{C409F21C-32CF-4819-9357-FDF602E72F58}.Release|Any CPU.Build.0 = Release|Any CPU
		{9B393AF9-4710-4466-8A07-A60ED2E14628}.Debug|Any CPU.ActiveCfg = Debug|Any CPU
		{9B393AF9-4710-4466-8A07-A60ED2E14628}.Debug|Any CPU.Build.0 = Debug|Any CPU
		{9B393AF9-4710-4466-8A07-A60ED2E14628}.Release|Any CPU.ActiveCfg = Release|Any CPU
		{9B393AF9-4710-4466-8A07-A60ED2E14628}.Release|Any CPU.Build.0 = Release|Any CPU
		{6C4A7EF1-C412-491D-BA32-5F1EEE411D8D}.Debug|Any CPU.ActiveCfg = Debug|Any CPU
		{6C4A7EF1-C412-491D-BA32-5F1EEE411D8D}.Debug|Any CPU.Build.0 = Debug|Any CPU
		{6C4A7EF1-C412-491D-BA32-5F1EEE411D8D}.Release|Any CPU.ActiveCfg = Release|Any CPU
		{6C4A7EF1-C412-491D-BA32-5F1EEE411D8D}.Release|Any CPU.Build.0 = Release|Any CPU
		{FC097B03-86E6-459D-9B4B-53BFA0F55E58}.Debug|Any CPU.ActiveCfg = Debug|Any CPU
		{FC097B03-86E6-459D-9B4B-53BFA0F55E58}.Debug|Any CPU.Build.0 = Debug|Any CPU
		{FC097B03-86E6-459D-9B4B-53BFA0F55E58}.Release|Any CPU.ActiveCfg = Release|Any CPU
		{FC097B03-86E6-459D-9B4B-53BFA0F55E58}.Release|Any CPU.Build.0 = Release|Any CPU
		{93E03405-9B00-40FF-BED5-509CD598134D}.Debug|Any CPU.ActiveCfg = Debug|Any CPU
		{93E03405-9B00-40FF-BED5-509CD598134D}.Debug|Any CPU.Build.0 = Debug|Any CPU
		{93E03405-9B00-40FF-BED5-509CD598134D}.Release|Any CPU.ActiveCfg = Release|Any CPU
		{93E03405-9B00-40FF-BED5-509CD598134D}.Release|Any CPU.Build.0 = Release|Any CPU
		{C72E9357-B4D8-41D9-883E-99ECDEB252F6}.Debug|Any CPU.ActiveCfg = Debug|Any CPU
		{C72E9357-B4D8-41D9-883E-99ECDEB252F6}.Debug|Any CPU.Build.0 = Debug|Any CPU
		{C72E9357-B4D8-41D9-883E-99ECDEB252F6}.Release|Any CPU.ActiveCfg = Release|Any CPU
		{C72E9357-B4D8-41D9-883E-99ECDEB252F6}.Release|Any CPU.Build.0 = Release|Any CPU
		{681F6D50-6F8C-40AF-ABCD-EBC704DB4D10}.Debug|Any CPU.ActiveCfg = Debug|Any CPU
		{681F6D50-6F8C-40AF-ABCD-EBC704DB4D10}.Debug|Any CPU.Build.0 = Debug|Any CPU
		{681F6D50-6F8C-40AF-ABCD-EBC704DB4D10}.Release|Any CPU.ActiveCfg = Release|Any CPU
		{681F6D50-6F8C-40AF-ABCD-EBC704DB4D10}.Release|Any CPU.Build.0 = Release|Any CPU
		{D30E5CCE-6C4E-4129-B99E-5C48CC8AE398}.Debug|Any CPU.ActiveCfg = Debug|Any CPU
		{D30E5CCE-6C4E-4129-B99E-5C48CC8AE398}.Debug|Any CPU.Build.0 = Debug|Any CPU
		{D30E5CCE-6C4E-4129-B99E-5C48CC8AE398}.Release|Any CPU.ActiveCfg = Release|Any CPU
		{D30E5CCE-6C4E-4129-B99E-5C48CC8AE398}.Release|Any CPU.Build.0 = Release|Any CPU
		{D01D1E20-7886-4B78-988E-E6B9CFF50141}.Debug|Any CPU.ActiveCfg = Debug|Any CPU
		{D01D1E20-7886-4B78-988E-E6B9CFF50141}.Debug|Any CPU.Build.0 = Debug|Any CPU
		{D01D1E20-7886-4B78-988E-E6B9CFF50141}.Release|Any CPU.ActiveCfg = Release|Any CPU
		{D01D1E20-7886-4B78-988E-E6B9CFF50141}.Release|Any CPU.Build.0 = Release|Any CPU
		{0D8AC355-73C6-42C3-B16F-8820C74061A3}.Debug|Any CPU.ActiveCfg = Debug|Any CPU
		{0D8AC355-73C6-42C3-B16F-8820C74061A3}.Debug|Any CPU.Build.0 = Debug|Any CPU
		{0D8AC355-73C6-42C3-B16F-8820C74061A3}.Release|Any CPU.ActiveCfg = Release|Any CPU
		{0D8AC355-73C6-42C3-B16F-8820C74061A3}.Release|Any CPU.Build.0 = Release|Any CPU
		{E627CAF6-B209-47EE-ACAB-2591C9779477}.Debug|Any CPU.ActiveCfg = Debug|Any CPU
		{E627CAF6-B209-47EE-ACAB-2591C9779477}.Debug|Any CPU.Build.0 = Debug|Any CPU
		{E627CAF6-B209-47EE-ACAB-2591C9779477}.Release|Any CPU.ActiveCfg = Release|Any CPU
		{E627CAF6-B209-47EE-ACAB-2591C9779477}.Release|Any CPU.Build.0 = Release|Any CPU
		{C6BE34C0-710A-4F4E-B83F-1BC299F3FD86}.Debug|Any CPU.ActiveCfg = Debug|Any CPU
		{C6BE34C0-710A-4F4E-B83F-1BC299F3FD86}.Debug|Any CPU.Build.0 = Debug|Any CPU
		{C6BE34C0-710A-4F4E-B83F-1BC299F3FD86}.Release|Any CPU.ActiveCfg = Release|Any CPU
		{C6BE34C0-710A-4F4E-B83F-1BC299F3FD86}.Release|Any CPU.Build.0 = Release|Any CPU
		{84F46E8E-C98A-4579-A041-624FF74CC5D3}.Debug|Any CPU.ActiveCfg = Debug|Any CPU
		{84F46E8E-C98A-4579-A041-624FF74CC5D3}.Debug|Any CPU.Build.0 = Debug|Any CPU
		{84F46E8E-C98A-4579-A041-624FF74CC5D3}.Release|Any CPU.ActiveCfg = Release|Any CPU
		{84F46E8E-C98A-4579-A041-624FF74CC5D3}.Release|Any CPU.Build.0 = Release|Any CPU
		{B5451C4A-CC79-4A71-99F4-8B0C120E2D39}.Debug|Any CPU.ActiveCfg = Debug|Any CPU
		{B5451C4A-CC79-4A71-99F4-8B0C120E2D39}.Debug|Any CPU.Build.0 = Debug|Any CPU
		{B5451C4A-CC79-4A71-99F4-8B0C120E2D39}.Release|Any CPU.ActiveCfg = Release|Any CPU
		{B5451C4A-CC79-4A71-99F4-8B0C120E2D39}.Release|Any CPU.Build.0 = Release|Any CPU
		{E838C2E4-61AF-4489-9ACE-C7A5D8786A9E}.Debug|Any CPU.ActiveCfg = Debug|Any CPU
		{E838C2E4-61AF-4489-9ACE-C7A5D8786A9E}.Debug|Any CPU.Build.0 = Debug|Any CPU
		{E838C2E4-61AF-4489-9ACE-C7A5D8786A9E}.Release|Any CPU.ActiveCfg = Release|Any CPU
		{E838C2E4-61AF-4489-9ACE-C7A5D8786A9E}.Release|Any CPU.Build.0 = Release|Any CPU
		{9F6F99FE-3FCA-4BD2-BB70-DF78BEF67ED6}.Debug|Any CPU.ActiveCfg = Debug|Any CPU
		{9F6F99FE-3FCA-4BD2-BB70-DF78BEF67ED6}.Debug|Any CPU.Build.0 = Debug|Any CPU
		{9F6F99FE-3FCA-4BD2-BB70-DF78BEF67ED6}.Release|Any CPU.ActiveCfg = Release|Any CPU
		{9F6F99FE-3FCA-4BD2-BB70-DF78BEF67ED6}.Release|Any CPU.Build.0 = Release|Any CPU
		{16A1F813-2934-4FCF-A9A9-931B5573514B}.Debug|Any CPU.ActiveCfg = Debug|Any CPU
		{16A1F813-2934-4FCF-A9A9-931B5573514B}.Debug|Any CPU.Build.0 = Debug|Any CPU
		{16A1F813-2934-4FCF-A9A9-931B5573514B}.Release|Any CPU.ActiveCfg = Release|Any CPU
		{16A1F813-2934-4FCF-A9A9-931B5573514B}.Release|Any CPU.Build.0 = Release|Any CPU
		{9764C7EC-81C2-4EB3-902E-317B620CECCD}.Debug|Any CPU.ActiveCfg = Debug|Any CPU
		{9764C7EC-81C2-4EB3-902E-317B620CECCD}.Debug|Any CPU.Build.0 = Debug|Any CPU
		{9764C7EC-81C2-4EB3-902E-317B620CECCD}.Release|Any CPU.ActiveCfg = Release|Any CPU
		{9764C7EC-81C2-4EB3-902E-317B620CECCD}.Release|Any CPU.Build.0 = Release|Any CPU
		{B6B285D2-0931-45AB-B1E2-0EE69A603901}.Debug|Any CPU.ActiveCfg = Debug|Any CPU
		{B6B285D2-0931-45AB-B1E2-0EE69A603901}.Debug|Any CPU.Build.0 = Debug|Any CPU
		{B6B285D2-0931-45AB-B1E2-0EE69A603901}.Release|Any CPU.ActiveCfg = Release|Any CPU
		{B6B285D2-0931-45AB-B1E2-0EE69A603901}.Release|Any CPU.Build.0 = Release|Any CPU
	EndGlobalSection
	GlobalSection(SolutionProperties) = preSolution
		HideSolutionNode = FALSE
	EndGlobalSection
	GlobalSection(NestedProjects) = preSolution
		{146E51DA-5DED-40AE-94A2-A467079848DC} = {87BBA330-5A04-4FE3-9FB5-8F5444DA9EA0}
		{8367E036-FD03-4C56-AC10-8BF5D5355A9B} = {D67F44A5-42BA-4B2F-A8E2-577DABC8268D}
		{59748B95-C25A-4383-AA47-0256CE98CEC6} = {D67F44A5-42BA-4B2F-A8E2-577DABC8268D}
		{DA19E407-781B-41DE-A1A6-6269479972B9} = {0A43355C-1B42-4F25-B056-013A4FEC6300}
		{E9609B65-47D6-4001-B813-575F1D349406} = {0A43355C-1B42-4F25-B056-013A4FEC6300}
		{401F234B-929A-41AB-BA4E-3D1DE65EACC5} = {0A43355C-1B42-4F25-B056-013A4FEC6300}
		{30EFEF4E-2C9D-45B0-9E00-5DA9D7322BC9} = {9E43EFBC-7289-447C-BBB6-C84BEAF12FA2}
		{C5585D40-5665-481D-8CA3-F6DC74CA6BF3} = {D67F44A5-42BA-4B2F-A8E2-577DABC8268D}
		{C409F21C-32CF-4819-9357-FDF602E72F58} = {D67F44A5-42BA-4B2F-A8E2-577DABC8268D}
		{9B393AF9-4710-4466-8A07-A60ED2E14628} = {1A001444-EBD4-4EB1-AC9E-F5D6B347F46E}
		{6C4A7EF1-C412-491D-BA32-5F1EEE411D8D} = {1A001444-EBD4-4EB1-AC9E-F5D6B347F46E}
		{FC097B03-86E6-459D-9B4B-53BFA0F55E58} = {1A001444-EBD4-4EB1-AC9E-F5D6B347F46E}
		{93E03405-9B00-40FF-BED5-509CD598134D} = {1A001444-EBD4-4EB1-AC9E-F5D6B347F46E}
		{C72E9357-B4D8-41D9-883E-99ECDEB252F6} = {452D5803-AA3F-4B35-80D5-F3FA3E60B5FA}
		{681F6D50-6F8C-40AF-ABCD-EBC704DB4D10} = {452D5803-AA3F-4B35-80D5-F3FA3E60B5FA}
		{D30E5CCE-6C4E-4129-B99E-5C48CC8AE398} = {452D5803-AA3F-4B35-80D5-F3FA3E60B5FA}
		{D01D1E20-7886-4B78-988E-E6B9CFF50141} = {452D5803-AA3F-4B35-80D5-F3FA3E60B5FA}
		{0D8AC355-73C6-42C3-B16F-8820C74061A3} = {87BBA330-5A04-4FE3-9FB5-8F5444DA9EA0}
		{E627CAF6-B209-47EE-ACAB-2591C9779477} = {87BBA330-5A04-4FE3-9FB5-8F5444DA9EA0}
		{C6BE34C0-710A-4F4E-B83F-1BC299F3FD86} = {87BBA330-5A04-4FE3-9FB5-8F5444DA9EA0}
		{84F46E8E-C98A-4579-A041-624FF74CC5D3} = {9E43EFBC-7289-447C-BBB6-C84BEAF12FA2}
		{B5451C4A-CC79-4A71-99F4-8B0C120E2D39} = {9E43EFBC-7289-447C-BBB6-C84BEAF12FA2}
		{E838C2E4-61AF-4489-9ACE-C7A5D8786A9E} = {9E43EFBC-7289-447C-BBB6-C84BEAF12FA2}
		{9F6F99FE-3FCA-4BD2-BB70-DF78BEF67ED6} = {9E43EFBC-7289-447C-BBB6-C84BEAF12FA2}
		{16A1F813-2934-4FCF-A9A9-931B5573514B} = {9E43EFBC-7289-447C-BBB6-C84BEAF12FA2}
		{9764C7EC-81C2-4EB3-902E-317B620CECCD} = {4023C580-4B7C-4F2F-91FC-95CCAD157C8A}
		{4023C580-4B7C-4F2F-91FC-95CCAD157C8A} = {452D5803-AA3F-4B35-80D5-F3FA3E60B5FA}
		{B6B285D2-0931-45AB-B1E2-0EE69A603901} = {4023C580-4B7C-4F2F-91FC-95CCAD157C8A}
	EndGlobalSection
	GlobalSection(ExtensibilityGlobals) = postSolution
		SolutionGuid = {C41590B1-C3A5-4A68-9367-1340E76A3B55}
	EndGlobalSection
EndGlobal
